{
  "version": 4,
  "terraform_version": "1.12.1",
  "serial": 155,
  "lineage": "c6696e04-6e00-274b-0a8a-121e1b784908",
  "outputs": {
    "instance_public_Ip": {
      "value": "http://3.253.250.2",
      "type": "string"
    }
  },
  "resources": [
    {
      "mode": "data",
      "type": "template_file",
      "name": "user_data",
      "provider": "provider[\"registry.terraform.io/hashicorp/template\"]",
      "instances": [
        {
          "schema_version": 0,
          "attributes": {
            "filename": null,
            "id": "c9b932c98dccc865b2c57a3eab0b99d761a4fe2d266021e6bb75a51a3ca2bf9d",
            "rendered": "#!/bin/bash\nset -e\nexec \u003e \u003e(tee -a /var/log/user-data.log) 2\u003e\u00261\n\n# --- Update and install Docker \u0026 Docker Compose ---\napt-get update -y\napt-get install -y \\\n    docker.io \\\n    git \\\n    curl\n\n# Enable Docker service\nsystemctl start docker\nsystemctl enable docker\n\n# Install Docker Compose (v2 plugin-style)\nDOCKER_COMPOSE_VERSION=\"v2.24.2\"\nmkdir -p /usr/local/lib/docker/cli-plugins\ncurl -SL https://github.com/docker/compose/releases/download/v2.24.2/docker-compose-linux-x86_64 -o /usr/local/lib/docker/cli-plugins/docker-compose\nchmod +x /usr/local/lib/docker/cli-plugins/docker-compose\n\n# Set environment variables (replace with actual values if you want)\nDB_NAME=\"catalog\"\nDB_USER=\"admin\"\nDB_PASS=\"admin123\"\nDATABASE_URL=\"mysql+pymysql://admin:admin123@mysql-container:3306/catalog\"\njwt_secret_key=\"_EOmNZKe-bnKWeP6qsL4z7F58Mt0QO3VA-VlaaowkwA\"\n\n# --- Clone your app code from GitHub ---\ncd /home/ubuntu\ngit clone https://github.com/guderian120/catalog-server-repo.git\ncd catalog-server-repo\n\n# (Optional) Inject .env file if used\ncat \u003c\u003cEOF \u003e .env\nDATABASE_URL=\"$DATABASE_URL\"\nJWT_SECRET_KEY=\"$jwt_secret_key\"\nEOF\n\n# --- Build and run using Docker Compose ---\ndocker compose up -d\n",
            "template": "#!/bin/bash\nset -e\nexec \u003e \u003e(tee -a /var/log/user-data.log) 2\u003e\u00261\n\n# --- Update and install Docker \u0026 Docker Compose ---\napt-get update -y\napt-get install -y \\\n    docker.io \\\n    git \\\n    curl\n\n# Enable Docker service\nsystemctl start docker\nsystemctl enable docker\n\n# Install Docker Compose (v2 plugin-style)\nDOCKER_COMPOSE_VERSION=\"v2.24.2\"\nmkdir -p /usr/local/lib/docker/cli-plugins\ncurl -SL https://github.com/docker/compose/releases/download/v2.24.2/docker-compose-linux-x86_64 -o /usr/local/lib/docker/cli-plugins/docker-compose\nchmod +x /usr/local/lib/docker/cli-plugins/docker-compose\n\n# Set environment variables (replace with actual values if you want)\nDB_NAME=\"${db_name}\"\nDB_USER=\"${db_user}\"\nDB_PASS=\"${db_password}\"\nDATABASE_URL=\"${db_url}\"\njwt_secret_key=\"${jwt_secret_key}\"\n\n# --- Clone your app code from GitHub ---\ncd /home/ubuntu\ngit clone https://github.com/guderian120/catalog-server-repo.git\ncd catalog-server-repo\n\n# (Optional) Inject .env file if used\ncat \u003c\u003cEOF \u003e .env\nDATABASE_URL=\"$DATABASE_URL\"\nJWT_SECRET_KEY=\"$jwt_secret_key\"\nEOF\n\n# --- Build and run using Docker Compose ---\ndocker compose up -d\n",
            "vars": {
              "db_name": "catalog",
              "db_password": "admin123",
              "db_url": "mysql+pymysql://admin:admin123@mysql-container:3306/catalog",
              "db_user": "admin",
              "jwt_secret_key": "_EOmNZKe-bnKWeP6qsL4z7F58Mt0QO3VA-VlaaowkwA"
            }
          },
          "sensitive_attributes": [],
          "identity_schema_version": 0
        }
      ]
    },
    {
      "mode": "managed",
      "type": "aws_instance",
      "name": "catalog_server",
      "provider": "provider[\"registry.terraform.io/hashicorp/aws\"]",
      "instances": [
        {
          "schema_version": 1,
          "attributes": {
            "ami": "ami-028727bd3039c5a1f",
            "arn": "arn:aws:ec2:eu-west-1:288761743924:instance/i-0e93a368febb89f4f",
            "associate_public_ip_address": true,
            "availability_zone": "eu-west-1a",
            "capacity_reservation_specification": [
              {
                "capacity_reservation_preference": "open",
                "capacity_reservation_target": []
              }
            ],
            "cpu_core_count": 2,
            "cpu_options": [
              {
                "amd_sev_snp": "",
                "core_count": 2,
                "threads_per_core": 1
              }
            ],
            "cpu_threads_per_core": 1,
            "credit_specification": [
              {
                "cpu_credits": "standard"
              }
            ],
            "disable_api_stop": false,
            "disable_api_termination": false,
            "ebs_block_device": [],
            "ebs_optimized": false,
            "enable_primary_ipv6": null,
            "enclave_options": [
              {
                "enabled": false
              }
            ],
            "ephemeral_block_device": [],
            "get_password_data": false,
            "hibernation": false,
            "host_id": "",
            "host_resource_group_arn": null,
            "iam_instance_profile": "",
            "id": "i-0e93a368febb89f4f",
            "instance_initiated_shutdown_behavior": "stop",
            "instance_lifecycle": "",
            "instance_market_options": [],
            "instance_state": "running",
            "instance_type": "t2.medium",
            "ipv6_address_count": 0,
            "ipv6_addresses": [],
            "key_name": "",
            "launch_template": [],
            "maintenance_options": [
              {
                "auto_recovery": "default"
              }
            ],
            "metadata_options": [
              {
                "http_endpoint": "enabled",
                "http_protocol_ipv6": "disabled",
                "http_put_response_hop_limit": 2,
                "http_tokens": "required",
                "instance_metadata_tags": "disabled"
              }
            ],
            "monitoring": false,
            "network_interface": [],
            "outpost_arn": "",
            "password_data": "",
            "placement_group": "",
            "placement_partition_number": 0,
            "primary_network_interface_id": "eni-0b0171a8aa4ad66a8",
            "private_dns": "ip-10-0-0-13.eu-west-1.compute.internal",
            "private_dns_name_options": [
              {
                "enable_resource_name_dns_a_record": false,
                "enable_resource_name_dns_aaaa_record": false,
                "hostname_type": "ip-name"
              }
            ],
            "private_ip": "10.0.0.13",
            "public_dns": "ec2-3-253-250-2.eu-west-1.compute.amazonaws.com",
            "public_ip": "3.253.250.2",
            "root_block_device": [
              {
                "delete_on_termination": true,
                "device_name": "/dev/sda1",
                "encrypted": false,
                "iops": 3000,
                "kms_key_id": "",
                "tags": {},
                "tags_all": {},
                "throughput": 125,
                "volume_id": "vol-05b39884047f49498",
                "volume_size": 8,
                "volume_type": "gp3"
              }
            ],
            "secondary_private_ips": [],
            "security_groups": [],
            "source_dest_check": true,
            "spot_instance_request_id": "",
            "subnet_id": "subnet-0598da9edbfa72709",
            "tags": {},
            "tags_all": {},
            "tenancy": "default",
            "timeouts": null,
            "user_data": "883d02cfebe69ecc62bedaee52c4142ad3c1c669",
            "user_data_base64": null,
            "user_data_replace_on_change": false,
            "volume_tags": null,
            "vpc_security_group_ids": [
              "sg-0547ae1201fcb0af8"
            ]
          },
          "sensitive_attributes": [],
          "identity_schema_version": 0,
          "private": "eyJlMmJmYjczMC1lY2FhLTExZTYtOGY4OC0zNDM2M2JjN2M0YzAiOnsiY3JlYXRlIjo2MDAwMDAwMDAwMDAsImRlbGV0ZSI6MTIwMDAwMDAwMDAwMCwicmVhZCI6OTAwMDAwMDAwMDAwLCJ1cGRhdGUiOjYwMDAwMDAwMDAwMH0sInNjaGVtYV92ZXJzaW9uIjoiMSJ9",
          "dependencies": [
            "aws_security_group.catalog_sg",
            "aws_subnet.catalog_subnet",
            "aws_vpc.catalog_vpc",
            "data.template_file.user_data"
          ]
        }
      ]
    },
    {
      "mode": "managed",
      "type": "aws_internet_gateway",
      "name": "catalog_igw",
      "provider": "provider[\"registry.terraform.io/hashicorp/aws\"]",
      "instances": [
        {
          "schema_version": 0,
          "attributes": {
            "arn": "arn:aws:ec2:eu-west-1:288761743924:internet-gateway/igw-0581677dd996cf912",
            "id": "igw-0581677dd996cf912",
            "owner_id": "288761743924",
            "tags": {
              "name": "catalog_igw"
            },
            "tags_all": {
              "name": "catalog_igw"
            },
            "timeouts": null,
            "vpc_id": "vpc-08599c028be2e91a1"
          },
          "sensitive_attributes": [],
          "identity_schema_version": 0,
          "private": "eyJlMmJmYjczMC1lY2FhLTExZTYtOGY4OC0zNDM2M2JjN2M0YzAiOnsiY3JlYXRlIjoxMjAwMDAwMDAwMDAwLCJkZWxldGUiOjEyMDAwMDAwMDAwMDAsInVwZGF0ZSI6MTIwMDAwMDAwMDAwMH19",
          "dependencies": [
            "aws_vpc.catalog_vpc"
          ]
        }
      ]
    },
    {
      "mode": "managed",
      "type": "aws_route_table",
      "name": "catalog_route_table",
      "provider": "provider[\"registry.terraform.io/hashicorp/aws\"]",
      "instances": [
        {
          "schema_version": 0,
          "attributes": {
            "arn": "arn:aws:ec2:eu-west-1:288761743924:route-table/rtb-087be46e856bd414c",
            "id": "rtb-087be46e856bd414c",
            "owner_id": "288761743924",
            "propagating_vgws": [],
            "route": [
              {
                "carrier_gateway_id": "",
                "cidr_block": "0.0.0.0/0",
                "core_network_arn": "",
                "destination_prefix_list_id": "",
                "egress_only_gateway_id": "",
                "gateway_id": "igw-0581677dd996cf912",
                "ipv6_cidr_block": "",
                "local_gateway_id": "",
                "nat_gateway_id": "",
                "network_interface_id": "",
                "transit_gateway_id": "",
                "vpc_endpoint_id": "",
                "vpc_peering_connection_id": ""
              }
            ],
            "tags": {},
            "tags_all": {},
            "timeouts": null,
            "vpc_id": "vpc-08599c028be2e91a1"
          },
          "sensitive_attributes": [],
          "identity_schema_version": 0,
          "private": "eyJlMmJmYjczMC1lY2FhLTExZTYtOGY4OC0zNDM2M2JjN2M0YzAiOnsiY3JlYXRlIjozMDAwMDAwMDAwMDAsImRlbGV0ZSI6MzAwMDAwMDAwMDAwLCJ1cGRhdGUiOjEyMDAwMDAwMDAwMH19",
          "dependencies": [
            "aws_internet_gateway.catalog_igw",
            "aws_vpc.catalog_vpc"
          ]
        }
      ]
    },
    {
      "mode": "managed",
      "type": "aws_route_table_association",
      "name": "publc_subnet_association",
      "provider": "provider[\"registry.terraform.io/hashicorp/aws\"]",
      "instances": [
        {
          "schema_version": 0,
          "attributes": {
            "gateway_id": "",
            "id": "rtbassoc-037686ba50b7bf6c2",
            "route_table_id": "rtb-087be46e856bd414c",
            "subnet_id": "subnet-0598da9edbfa72709",
            "timeouts": null
          },
          "sensitive_attributes": [],
          "identity_schema_version": 0,
          "private": "eyJlMmJmYjczMC1lY2FhLTExZTYtOGY4OC0zNDM2M2JjN2M0YzAiOnsiY3JlYXRlIjozMDAwMDAwMDAwMDAsImRlbGV0ZSI6MzAwMDAwMDAwMDAwLCJ1cGRhdGUiOjEyMDAwMDAwMDAwMH19",
          "dependencies": [
            "aws_internet_gateway.catalog_igw",
            "aws_route_table.catalog_route_table",
            "aws_subnet.catalog_subnet",
            "aws_vpc.catalog_vpc"
          ]
        }
      ]
    },
    {
      "mode": "managed",
      "type": "aws_security_group",
      "name": "catalog_sg",
      "provider": "provider[\"registry.terraform.io/hashicorp/aws\"]",
      "instances": [
        {
          "schema_version": 1,
          "attributes": {
            "arn": "arn:aws:ec2:eu-west-1:288761743924:security-group/sg-0547ae1201fcb0af8",
            "description": "Catalog Sg",
            "egress": [
              {
                "cidr_blocks": [
                  "0.0.0.0/0"
                ],
                "description": "",
                "from_port": 0,
                "ipv6_cidr_blocks": [],
                "prefix_list_ids": [],
                "protocol": "-1",
                "security_groups": [],
                "self": false,
                "to_port": 0
              }
            ],
            "id": "sg-0547ae1201fcb0af8",
            "ingress": [
              {
                "cidr_blocks": [
                  "0.0.0.0/0"
                ],
                "description": "",
                "from_port": 443,
                "ipv6_cidr_blocks": [],
                "prefix_list_ids": [],
                "protocol": "tcp",
                "security_groups": [],
                "self": false,
                "to_port": 443
              },
              {
                "cidr_blocks": [
                  "0.0.0.0/0"
                ],
                "description": null,
                "from_port": 22,
                "ipv6_cidr_blocks": [],
                "prefix_list_ids": [],
                "protocol": "tcp",
                "security_groups": [],
                "self": false,
                "to_port": 22
              },
              {
                "cidr_blocks": [
                  "0.0.0.0/0"
                ],
                "description": null,
                "from_port": 80,
                "ipv6_cidr_blocks": [],
                "prefix_list_ids": [],
                "protocol": "tcp",
                "security_groups": [],
                "self": false,
                "to_port": 80
              }
            ],
            "name": "Catalog sg",
            "name_prefix": "",
            "owner_id": "288761743924",
            "revoke_rules_on_delete": false,
            "tags": {
              "name": "catalog sg"
            },
            "tags_all": {
              "name": "catalog sg"
            },
            "timeouts": null,
            "vpc_id": "vpc-08599c028be2e91a1"
          },
          "sensitive_attributes": [],
          "identity_schema_version": 0,
          "private": "eyJlMmJmYjczMC1lY2FhLTExZTYtOGY4OC0zNDM2M2JjN2M0YzAiOnsiY3JlYXRlIjo2MDAwMDAwMDAwMDAsImRlbGV0ZSI6OTAwMDAwMDAwMDAwfSwic2NoZW1hX3ZlcnNpb24iOiIxIn0=",
          "dependencies": [
            "aws_vpc.catalog_vpc"
          ]
        }
      ]
    },
    {
      "mode": "managed",
      "type": "aws_subnet",
      "name": "catalog_subnet",
      "provider": "provider[\"registry.terraform.io/hashicorp/aws\"]",
      "instances": [
        {
          "schema_version": 1,
          "attributes": {
            "arn": "arn:aws:ec2:eu-west-1:288761743924:subnet/subnet-0598da9edbfa72709",
            "assign_ipv6_address_on_creation": false,
            "availability_zone": "eu-west-1a",
            "availability_zone_id": "euw1-az1",
            "cidr_block": "10.0.0.0/25",
            "customer_owned_ipv4_pool": "",
            "enable_dns64": false,
            "enable_lni_at_device_index": 0,
            "enable_resource_name_dns_a_record_on_launch": false,
            "enable_resource_name_dns_aaaa_record_on_launch": false,
            "id": "subnet-0598da9edbfa72709",
            "ipv6_cidr_block": "",
            "ipv6_cidr_block_association_id": "",
            "ipv6_native": false,
            "map_customer_owned_ip_on_launch": false,
            "map_public_ip_on_launch": true,
            "outpost_arn": "",
            "owner_id": "288761743924",
            "private_dns_hostname_type_on_launch": "ip-name",
            "tags": {},
            "tags_all": {},
            "timeouts": null,
            "vpc_id": "vpc-08599c028be2e91a1"
          },
          "sensitive_attributes": [],
          "identity_schema_version": 0,
          "private": "eyJlMmJmYjczMC1lY2FhLTExZTYtOGY4OC0zNDM2M2JjN2M0YzAiOnsiY3JlYXRlIjo2MDAwMDAwMDAwMDAsImRlbGV0ZSI6MTIwMDAwMDAwMDAwMH0sInNjaGVtYV92ZXJzaW9uIjoiMSJ9",
          "dependencies": [
            "aws_vpc.catalog_vpc"
          ]
        }
      ]
    },
    {
      "mode": "managed",
      "type": "aws_vpc",
      "name": "catalog_vpc",
      "provider": "provider[\"registry.terraform.io/hashicorp/aws\"]",
      "instances": [
        {
          "schema_version": 1,
          "attributes": {
            "arn": "arn:aws:ec2:eu-west-1:288761743924:vpc/vpc-08599c028be2e91a1",
            "assign_generated_ipv6_cidr_block": false,
            "cidr_block": "10.0.0.0/24",
            "default_network_acl_id": "acl-019e2c4e01693ddff",
            "default_route_table_id": "rtb-0fc1d01898e058aad",
            "default_security_group_id": "sg-0ffb629b77d948e5e",
            "dhcp_options_id": "dopt-0afdc046b8de957b0",
            "enable_dns_hostnames": true,
            "enable_dns_support": true,
            "enable_network_address_usage_metrics": false,
            "id": "vpc-08599c028be2e91a1",
            "instance_tenancy": "default",
            "ipv4_ipam_pool_id": null,
            "ipv4_netmask_length": null,
            "ipv6_association_id": "",
            "ipv6_cidr_block": "",
            "ipv6_cidr_block_network_border_group": "",
            "ipv6_ipam_pool_id": "",
            "ipv6_netmask_length": 0,
            "main_route_table_id": "rtb-0fc1d01898e058aad",
            "owner_id": "288761743924",
            "tags": {},
            "tags_all": {}
          },
          "sensitive_attributes": [],
          "identity_schema_version": 0,
          "private": "eyJzY2hlbWFfdmVyc2lvbiI6IjEifQ=="
        }
      ]
    }
  ],
  "check_results": null
}
